
Microsoft Visual Studio Solution File, Format Version 12.00
# Visual Studio 15
VisualStudioVersion = 15.0.27130.2010
MinimumVisualStudioVersion = 10.0.40219.1
Project("{FAE04EC0-301F-11D3-BF4B-00C04F79EFBC}") = "SharesBrokerClient", "shares-broker-client\SharesBrokerClient.csproj", "{AE019F7C-F4C7-4060-AFA0-9E6B54ACFE60}"
EndProject
Global
	GlobalSection(SolutionConfigurationPlatforms) = preSolution
		Debug|Any CPU = Debug|Any CPU
		Release|Any CPU = Release|Any CPU
	EndGlobalSection
	GlobalSection(ProjectConfigurationPlatforms) = postSolution
		{AE019F7C-F4C7-4060-AFA0-9E6B54ACFE60}.Debug|Any CPU.ActiveCfg = Debug|Any CPU
		{AE019F7C-F4C7-4060-AFA0-9E6B54ACFE60}.Debug|Any CPU.Build.0 = Debug|Any CPU
		{AE019F7C-F4C7-4060-AFA0-9E6B54ACFE60}.Release|Any CPU.ActiveCfg = Release|Any CPU
		{AE019F7C-F4C7-4060-AFA0-9E6B54ACFE60}.Release|Any CPU.Build.0 = Release|Any CPU
	EndGlobalSection
	GlobalSection(SolutionProperties) = preSolution
		HideSolutionNode = FALSE
	EndGlobalSection
	GlobalSection(ExtensibilityGlobals) = postSolution
		SolutionGuid = {E8791679-7056-4707-8C5B-809C3561BF58}
	EndGlobalSection
EndGlobal
